
Microsoft Visual Studio Solution File, Format Version 12.00
# Visual Studio Version 16
VisualStudioVersion = 16.0.28711.60
MinimumVisualStudioVersion = 10.0.40219.1
Project("{9A19103F-16F7-4668-BE54-9A1E7A4F7556}") = "NUnit.Demo.Tests", "NUnit.Demo.Tests\NUnit.Demo.Tests.csproj", "{2B5A92BB-8194-4271-82E3-C48CA3B5523A}"
EndProject
Project("{9A19103F-16F7-4668-BE54-9A1E7A4F7556}") = "NUnit.Demo", "NUnit.Demo\NUnit.Demo.csproj", "{9423CAF4-D0BE-4F7E-8DE1-86EA43F1C579}"
EndProject
Project("{2150E333-8FDC-42A3-9474-1A3956D46DE8}") = "Solution Items", "Solution Items", "{23B43632-B4D4-4A09-9913-488982AB734F}"
	ProjectSection(SolutionItems) = preProject
		NuGet.config = NuGet.config
		NUnit.Demo.Tests.runsettings = NUnit.Demo.Tests.runsettings
	EndProjectSection
EndProject
Global
	GlobalSection(SolutionConfigurationPlatforms) = preSolution
		Debug|Any CPU = Debug|Any CPU
		Release|Any CPU = Release|Any CPU
	EndGlobalSection
	GlobalSection(ProjectConfigurationPlatforms) = postSolution
		{2B5A92BB-8194-4271-82E3-C48CA3B5523A}.Debug|Any CPU.ActiveCfg = Debug|Any CPU
		{2B5A92BB-8194-4271-82E3-C48CA3B5523A}.Debug|Any CPU.Build.0 = Debug|Any CPU
		{2B5A92BB-8194-4271-82E3-C48CA3B5523A}.Release|Any CPU.ActiveCfg = Release|Any CPU
		{2B5A92BB-8194-4271-82E3-C48CA3B5523A}.Release|Any CPU.Build.0 = Release|Any CPU
		{9423CAF4-D0BE-4F7E-8DE1-86EA43F1C579}.Debug|Any CPU.ActiveCfg = Debug|Any CPU
		{9423CAF4-D0BE-4F7E-8DE1-86EA43F1C579}.Debug|Any CPU.Build.0 = Debug|Any CPU
		{9423CAF4-D0BE-4F7E-8DE1-86EA43F1C579}.Release|Any CPU.ActiveCfg = Release|Any CPU
		{9423CAF4-D0BE-4F7E-8DE1-86EA43F1C579}.Release|Any CPU.Build.0 = Release|Any CPU
	EndGlobalSection
	GlobalSection(SolutionProperties) = preSolution
		HideSolutionNode = FALSE
	EndGlobalSection
	GlobalSection(ExtensibilityGlobals) = postSolution
		SolutionGuid = {00D8EFC2-549C-4787-8F3D-50574A7A979B}
	EndGlobalSection
EndGlobal
